%{"protobuf": {:hex, :protobuf, "0.5.4", "2e1b8eec211aff034ad8a14e3674220b0158bfb9a3c7128ac9d2a1ed1b3724d3", [:mix], [], "hexpm"},
  "watchman": {:git, "https://github.com/renderedtext/ex-watchman.git", "3286b9d999db11696fffbccab9637cd31e93a305", []},
  "wormhole": {:hex, :wormhole, "2.2.0", "4fa107a2a1cf4c0ada5d0ee29590fa78ce684993e6950a52c1488cb9fe313f31", [:mix], [], "hexpm"}}
