%{"meck": {:hex, :meck, "0.9.2", "85ccbab053f1db86c7ca240e9fc718170ee5bda03810a6292b5306bf31bae5f5", [:rebar3], [], "hexpm", "81344f561357dc40a8344afa53767c32669153355b626ea9fcbc8da6b3045826"},
  "mock": {:hex, :mock, "0.3.7", "75b3bbf1466d7e486ea2052a73c6e062c6256fb429d6797999ab02fa32f29e03", [:mix], [{:meck, "~> 0.9.2", [hex: :meck, repo: "hexpm", optional: false]}], "hexpm", "4da49a4609e41fd99b7836945c26f373623ea968cfb6282742bcb94440cf7e5c"},
  "protobuf": {:hex, :protobuf, "0.5.4", "2e1b8eec211aff034ad8a14e3674220b0158bfb9a3c7128ac9d2a1ed1b3724d3", [:mix], [], "hexpm", "994348a4592408bc99c132603b0fdb686a2b5df0321a8eb1a582ec2bd3495886"},
  "watchman": {:git, "https://github.com/renderedtext/ex-watchman.git", "3286b9d999db11696fffbccab9637cd31e93a305", []},
  "wormhole": {:hex, :wormhole, "2.2.0", "4fa107a2a1cf4c0ada5d0ee29590fa78ce684993e6950a52c1488cb9fe313f31", [:mix], [], "hexpm", "945388051723c02a5bd2cd404f0bcc04008a415390235b1ad69e22dee8c38de3"}}
